
Microsoft Visual Studio Solution File, Format Version 12.00
# Visual Studio 15
VisualStudioVersion = 15.0.27004.2006
MinimumVisualStudioVersion = 10.0.40219.1
Project("{FAE04EC0-301F-11D3-BF4B-00C04F79EFBC}") = "IMDBService", "IMDBService\IMDBService.csproj", "{3C85F04F-69DA-491A-9C71-86EED6BF8FE3}"
EndProject
Global
	GlobalSection(SolutionConfigurationPlatforms) = preSolution
		Debug|Any CPU = Debug|Any CPU
		Release|Any CPU = Release|Any CPU
	EndGlobalSection
	GlobalSection(ProjectConfigurationPlatforms) = postSolution
		{3C85F04F-69DA-491A-9C71-86EED6BF8FE3}.Debug|Any CPU.ActiveCfg = Debug|Any CPU
		{3C85F04F-69DA-491A-9C71-86EED6BF8FE3}.Debug|Any CPU.Build.0 = Debug|Any CPU
		{3C85F04F-69DA-491A-9C71-86EED6BF8FE3}.Release|Any CPU.ActiveCfg = Release|Any CPU
		{3C85F04F-69DA-491A-9C71-86EED6BF8FE3}.Release|Any CPU.Build.0 = Release|Any CPU
	EndGlobalSection
	GlobalSection(SolutionProperties) = preSolution
		HideSolutionNode = FALSE
	EndGlobalSection
	GlobalSection(ExtensibilityGlobals) = postSolution
		SolutionGuid = {B943871C-4C6B-41AD-BA30-7C39C19207CF}
	EndGlobalSection
EndGlobal
